github.com/cmars/represent v0.0.0-20170329133824-b1ce3bcceb62 h1:3xUSxyfaR/enL0TfcVlnZjz5BtECAGqTnW8y+c5pWP4=
github.com/cmars/represent v0.0.0-20170329133824-b1ce3bcceb62/go.mod h1:P3NEbMJ++zKhzyRIyGEfyEPBFE/gd/Teh7WirMOiHkE=
golang.org/x/crypto v0.0.0-20190308221718-c2843e01d9a2/go.mod h1:djNgcEr1/C05ACkg1iLfiJU5Ep61QUkGW8qpdssI0+w=
golang.org/x/net v0.0.0-20190311183353-d8887717615a/go.mod h1:t9HGtf8HONx5eT2rtn7q6eTqICYqUVnKs3thJo3Qplg=
golang.org/x/sys v0.0.0-20190215142949-d0b11bdaac8a/go.mod h1:STP8DvDyc/dI5b8T5hshtkjS+E42TnysNCUPdjciGhY=
golang.org/x/text v0.3.0/go.mod h1:NqM8EUOU14njkJ3fqMW+pc6Ldnwhi/IjpwHt7yyuwOQ=
golang.org/x/tools v0.0.0-20190422233926-fe54fb35175b h1:NVD8gBK33xpdqCaZVVtd6OFJp+3dxkXuz7+U7KaVN6s=
golang.org/x/tools v0.0.0-20190422233926-fe54fb35175b/go.mod h1:LCzVGOaR6xXOjkQ3onu1FJEFr0SW1gC7cKk1uF8kGRs=
